// !$*UTF8*$!
{
	archiveVersion = 1;
	classes = {
	};
	objectVersion = 46;
	objects = {

/* Begin PBXBuildFile section */
		610EDA1E1E383B0D00520CD1 /* ImageViewController.xib in Resources */ = {isa = PBXBuildFile; fileRef = 610EDA1D1E383B0D00520CD1 /* ImageViewController.xib */; };
		61220EEA1E25AEA500AD37CA /* main.m in Sources */ = {isa = PBXBuildFile; fileRef = 61220EE91E25AEA500AD37CA /* main.m */; };
		61220EED1E25AEA500AD37CA /* AppDelegate.m in Sources */ = {isa = PBXBuildFile; fileRef = 61220EEC1E25AEA500AD37CA /* AppDelegate.m */; };
		61220EF31E25AEA500AD37CA /* Main.storyboard in Resources */ = {isa = PBXBuildFile; fileRef = 61220EF11E25AEA500AD37CA /* Main.storyboard */; };
		61220EF51E25AEA500AD37CA /* Assets.xcassets in Resources */ = {isa = PBXBuildFile; fileRef = 61220EF41E25AEA500AD37CA /* Assets.xcassets */; };
		61220EF81E25AEA500AD37CA /* LaunchScreen.storyboard in Resources */ = {isa = PBXBuildFile; fileRef = 61220EF61E25AEA500AD37CA /* LaunchScreen.storyboard */; };
		61220F1A1E298D3200AD37CA /* ImageCell.m in Sources */ = {isa = PBXBuildFile; fileRef = 61220F181E298D3200AD37CA /* ImageCell.m */; };
		61220F1B1E298D3200AD37CA /* ImageCell.xib in Resources */ = {isa = PBXBuildFile; fileRef = 61220F191E298D3200AD37CA /* ImageCell.xib */; };
		61220F241E2C1EFF00AD37CA /* ImageCollectionViewController.m in Sources */ = {isa = PBXBuildFile; fileRef = 61220F221E2C1EFF00AD37CA /* ImageCollectionViewController.m */; };
		61220F281E2C531A00AD37CA /* Image.m in Sources */ = {isa = PBXBuildFile; fileRef = 61220F271E2C531A00AD37CA /* Image.m */; };
		61220F2B1E305BF800AD37CA /* ImageViewController.m in Sources */ = {isa = PBXBuildFile; fileRef = 61220F2A1E305BF800AD37CA /* ImageViewController.m */; };
		61F90B321E494AE200715A0B /* APIResponse.m in Sources */ = {isa = PBXBuildFile; fileRef = 61F90B311E494AE200715A0B /* APIResponse.m */; };
		64685D847C2EEF54B5878BFB /* libPods-PhotoZoom.a in Frameworks */ = {isa = PBXBuildFile; fileRef = C5602C9AB9F9B1BA2422C1F0 /* libPods-PhotoZoom.a */; };
/* End PBXBuildFile section */

/* Begin PBXFileReference section */
		183B2DB282B0A8DF26CFEB86 /* Pods-PhotoZoom.debug.xcconfig */ = {isa = PBXFileReference; includeInIndex = 1; lastKnownFileType = text.xcconfig; name = "Pods-PhotoZoom.debug.xcconfig"; path = "Pods/Target Support Files/Pods-PhotoZoom/Pods-PhotoZoom.debug.xcconfig"; sourceTree = "<group>"; };
		610EDA1D1E383B0D00520CD1 /* ImageViewController.xib */ = {isa = PBXFileReference; fileEncoding = 4; lastKnownFileType = file.xib; path = ImageViewController.xib; sourceTree = "<group>"; };
		61220EE51E25AEA500AD37CA /* PhotoZoom.app */ = {isa = PBXFileReference; explicitFileType = wrapper.application; includeInIndex = 0; path = PhotoZoom.app; sourceTree = BUILT_PRODUCTS_DIR; };
		61220EE91E25AEA500AD37CA /* main.m */ = {isa = PBXFileReference; lastKnownFileType = sourcecode.c.objc; path = main.m; sourceTree = "<group>"; };
		61220EEB1E25AEA500AD37CA /* AppDelegate.h */ = {isa = PBXFileReference; lastKnownFileType = sourcecode.c.h; path = AppDelegate.h; sourceTree = "<group>"; };
		61220EEC1E25AEA500AD37CA /* AppDelegate.m */ = {isa = PBXFileReference; lastKnownFileType = sourcecode.c.objc; path = AppDelegate.m; sourceTree = "<group>"; };
		61220EF21E25AEA500AD37CA /* Base */ = {isa = PBXFileReference; lastKnownFileType = file.storyboard; name = Base; path = Base.lproj/Main.storyboard; sourceTree = "<group>"; };
		61220EF41E25AEA500AD37CA /* Assets.xcassets */ = {isa = PBXFileReference; lastKnownFileType = folder.assetcatalog; path = Assets.xcassets; sourceTree = "<group>"; };
		61220EF71E25AEA500AD37CA /* Base */ = {isa = PBXFileReference; lastKnownFileType = file.storyboard; name = Base; path = Base.lproj/LaunchScreen.storyboard; sourceTree = "<group>"; };
		61220EF91E25AEA500AD37CA /* Info.plist */ = {isa = PBXFileReference; lastKnownFileType = text.plist.xml; path = Info.plist; sourceTree = "<group>"; };
		61220F171E298D3200AD37CA /* ImageCell.h */ = {isa = PBXFileReference; fileEncoding = 4; lastKnownFileType = sourcecode.c.h; path = ImageCell.h; sourceTree = "<group>"; };
		61220F181E298D3200AD37CA /* ImageCell.m */ = {isa = PBXFileReference; fileEncoding = 4; lastKnownFileType = sourcecode.c.objc; path = ImageCell.m; sourceTree = "<group>"; };
		61220F191E298D3200AD37CA /* ImageCell.xib */ = {isa = PBXFileReference; fileEncoding = 4; lastKnownFileType = file.xib; path = ImageCell.xib; sourceTree = "<group>"; };
		61220F211E2C1EFF00AD37CA /* ImageCollectionViewController.h */ = {isa = PBXFileReference; fileEncoding = 4; lastKnownFileType = sourcecode.c.h; path = ImageCollectionViewController.h; sourceTree = "<group>"; };
		61220F221E2C1EFF00AD37CA /* ImageCollectionViewController.m */ = {isa = PBXFileReference; fileEncoding = 4; lastKnownFileType = sourcecode.c.objc; path = ImageCollectionViewController.m; sourceTree = "<group>"; };
		61220F261E2C531A00AD37CA /* Image.h */ = {isa = PBXFileReference; fileEncoding = 4; lastKnownFileType = sourcecode.c.h; path = Image.h; sourceTree = "<group>"; };
		61220F271E2C531A00AD37CA /* Image.m */ = {isa = PBXFileReference; fileEncoding = 4; lastKnownFileType = sourcecode.c.objc; path = Image.m; sourceTree = "<group>"; };
		61220F291E305BF800AD37CA /* ImageViewController.h */ = {isa = PBXFileReference; fileEncoding = 4; lastKnownFileType = sourcecode.c.h; path = ImageViewController.h; sourceTree = "<group>"; };
		61220F2A1E305BF800AD37CA /* ImageViewController.m */ = {isa = PBXFileReference; fileEncoding = 4; lastKnownFileType = sourcecode.c.objc; path = ImageViewController.m; sourceTree = "<group>"; };
		61F90B301E494AE200715A0B /* APIResponse.h */ = {isa = PBXFileReference; fileEncoding = 4; lastKnownFileType = sourcecode.c.h; path = APIResponse.h; sourceTree = "<group>"; };
		61F90B311E494AE200715A0B /* APIResponse.m */ = {isa = PBXFileReference; fileEncoding = 4; lastKnownFileType = sourcecode.c.objc; path = APIResponse.m; sourceTree = "<group>"; };
		9A5EAB54627245E3C6B4595C /* Pods-PhotoZoom.release.xcconfig */ = {isa = PBXFileReference; includeInIndex = 1; lastKnownFileType = text.xcconfig; name = "Pods-PhotoZoom.release.xcconfig"; path = "Pods/Target Support Files/Pods-PhotoZoom/Pods-PhotoZoom.release.xcconfig"; sourceTree = "<group>"; };
		C5602C9AB9F9B1BA2422C1F0 /* libPods-PhotoZoom.a */ = {isa = PBXFileReference; explicitFileType = archive.ar; includeInIndex = 0; path = "libPods-PhotoZoom.a"; sourceTree = BUILT_PRODUCTS_DIR; };
/* End PBXFileReference section */

/* Begin PBXFrameworksBuildPhase section */
		61220EE21E25AEA500AD37CA /* Frameworks */ = {
			isa = PBXFrameworksBuildPhase;
			buildActionMask = 2147483647;
			files = (
				64685D847C2EEF54B5878BFB /* libPods-PhotoZoom.a in Frameworks */,
			);
			runOnlyForDeploymentPostprocessing = 0;
		};
/* End PBXFrameworksBuildPhase section */

/* Begin PBXGroup section */
		61220EDC1E25AEA500AD37CA = {
			isa = PBXGroup;
			children = (
				61220EE71E25AEA500AD37CA /* PhotoZoom */,
				61220EE61E25AEA500AD37CA /* Products */,
				C05ABF9D8BF7CE4EADB0CFBF /* Pods */,
				E113493FF86ACC066FD325F7 /* Frameworks */,
			);
			sourceTree = "<group>";
		};
		61220EE61E25AEA500AD37CA /* Products */ = {
			isa = PBXGroup;
			children = (
				61220EE51E25AEA500AD37CA /* PhotoZoom.app */,
			);
			name = Products;
			sourceTree = "<group>";
		};
		61220EE71E25AEA500AD37CA /* PhotoZoom */ = {
			isa = PBXGroup;
			children = (
				614F9DED1E3AC0EB003C9721 /* Controllers */,
				61220EEB1E25AEA500AD37CA /* AppDelegate.h */,
				61220EEC1E25AEA500AD37CA /* AppDelegate.m */,
				61220EF11E25AEA500AD37CA /* Main.storyboard */,
				61220EF41E25AEA500AD37CA /* Assets.xcassets */,
				61220EF61E25AEA500AD37CA /* LaunchScreen.storyboard */,
				61220EF91E25AEA500AD37CA /* Info.plist */,
				61220EE81E25AEA500AD37CA /* Supporting Files */,
				61220F171E298D3200AD37CA /* ImageCell.h */,
				61220F181E298D3200AD37CA /* ImageCell.m */,
				61220F191E298D3200AD37CA /* ImageCell.xib */,
				61220F261E2C531A00AD37CA /* Image.h */,
				61220F271E2C531A00AD37CA /* Image.m */,
				610EDA1D1E383B0D00520CD1 /* ImageViewController.xib */,
				61F90B301E494AE200715A0B /* APIResponse.h */,
				61F90B311E494AE200715A0B /* APIResponse.m */,
			);
			path = PhotoZoom;
			sourceTree = "<group>";
		};
		61220EE81E25AEA500AD37CA /* Supporting Files */ = {
			isa = PBXGroup;
			children = (
				61220EE91E25AEA500AD37CA /* main.m */,
			);
			name = "Supporting Files";
			sourceTree = "<group>";
		};
		614F9DED1E3AC0EB003C9721 /* Controllers */ = {
			isa = PBXGroup;
			children = (
				61220F211E2C1EFF00AD37CA /* ImageCollectionViewController.h */,
				61220F221E2C1EFF00AD37CA /* ImageCollectionViewController.m */,
				61220F291E305BF800AD37CA /* ImageViewController.h */,
				61220F2A1E305BF800AD37CA /* ImageViewController.m */,
			);
			name = Controllers;
			sourceTree = "<group>";
		};
		C05ABF9D8BF7CE4EADB0CFBF /* Pods */ = {
			isa = PBXGroup;
			children = (
				183B2DB282B0A8DF26CFEB86 /* Pods-PhotoZoom.debug.xcconfig */,
				9A5EAB54627245E3C6B4595C /* Pods-PhotoZoom.release.xcconfig */,
			);
			name = Pods;
			sourceTree = "<group>";
		};
		E113493FF86ACC066FD325F7 /* Frameworks */ = {
			isa = PBXGroup;
			children = (
				C5602C9AB9F9B1BA2422C1F0 /* libPods-PhotoZoom.a */,
			);
			name = Frameworks;
			sourceTree = "<group>";
		};
/* End PBXGroup section */

/* Begin PBXNativeTarget section */
		61220EE41E25AEA500AD37CA /* PhotoZoom */ = {
			isa = PBXNativeTarget;
			buildConfigurationList = 61220EFC1E25AEA500AD37CA /* Build configuration list for PBXNativeTarget "PhotoZoom" */;
			buildPhases = (
				E5C3355B1C87577F0B1E4546 /* [CP] Check Pods Manifest.lock */,
				61220EE11E25AEA500AD37CA /* Sources */,
				61220EE21E25AEA500AD37CA /* Frameworks */,
				61220EE31E25AEA500AD37CA /* Resources */,
				404E04E1EAA5BB6C9DE82A5D /* [CP] Embed Pods Frameworks */,
				6F22DDA92B220D282E0F2B0A /* [CP] Copy Pods Resources */,
			);
			buildRules = (
			);
			dependencies = (
			);
			name = PhotoZoom;
			productName = PhotoZoom;
			productReference = 61220EE51E25AEA500AD37CA /* PhotoZoom.app */;
			productType = "com.apple.product-type.application";
		};
/* End PBXNativeTarget section */

/* Begin PBXProject section */
		61220EDD1E25AEA500AD37CA /* Project object */ = {
			isa = PBXProject;
			attributes = {
				LastUpgradeCheck = 0810;
				ORGANIZATIONNAME = "Kylie Tram Le";
				TargetAttributes = {
					61220EE41E25AEA500AD37CA = {
						CreatedOnToolsVersion = 8.1;
						DevelopmentTeam = 4M3QJKH5SU;
						ProvisioningStyle = Automatic;
					};
				};
			};
			buildConfigurationList = 61220EE01E25AEA500AD37CA /* Build configuration list for PBXProject "PhotoZoom" */;
			compatibilityVersion = "Xcode 3.2";
			developmentRegion = English;
			hasScannedForEncodings = 0;
			knownRegions = (
				en,
				Base,
			);
			mainGroup = 61220EDC1E25AEA500AD37CA;
			productRefGroup = 61220EE61E25AEA500AD37CA /* Products */;
			projectDirPath = "";
			projectRoot = "";
			targets = (
				61220EE41E25AEA500AD37CA /* PhotoZoom */,
			);
		};
/* End PBXProject section */

/* Begin PBXResourcesBuildPhase section */
		61220EE31E25AEA500AD37CA /* Resources */ = {
			isa = PBXResourcesBuildPhase;
			buildActionMask = 2147483647;
			files = (
				610EDA1E1E383B0D00520CD1 /* ImageViewController.xib in Resources */,
				61220EF81E25AEA500AD37CA /* LaunchScreen.storyboard in Resources */,
				61220F1B1E298D3200AD37CA /* ImageCell.xib in Resources */,
				61220EF51E25AEA500AD37CA /* Assets.xcassets in Resources */,
				61220EF31E25AEA500AD37CA /* Main.storyboard in Resources */,
			);
			runOnlyForDeploymentPostprocessing = 0;
		};
/* End PBXResourcesBuildPhase section */

/* Begin PBXShellScriptBuildPhase section */
		404E04E1EAA5BB6C9DE82A5D /* [CP] Embed Pods Frameworks */ = {
			isa = PBXShellScriptBuildPhase;
			buildActionMask = 2147483647;
			files = (
			);
			inputPaths = (
			);
			name = "[CP] Embed Pods Frameworks";
			outputPaths = (
			);
			runOnlyForDeploymentPostprocessing = 0;
			shellPath = /bin/sh;
			shellScript = "\"${SRCROOT}/Pods/Target Support Files/Pods-PhotoZoom/Pods-PhotoZoom-frameworks.sh\"\n";
			showEnvVarsInLog = 0;
		};
		6F22DDA92B220D282E0F2B0A /* [CP] Copy Pods Resources */ = {
			isa = PBXShellScriptBuildPhase;
			buildActionMask = 2147483647;
			files = (
			);
			inputPaths = (
			);
			name = "[CP] Copy Pods Resources";
			outputPaths = (
			);
			runOnlyForDeploymentPostprocessing = 0;
			shellPath = /bin/sh;
			shellScript = "\"${SRCROOT}/Pods/Target Support Files/Pods-PhotoZoom/Pods-PhotoZoom-resources.sh\"\n";
			showEnvVarsInLog = 0;
		};
		E5C3355B1C87577F0B1E4546 /* [CP] Check Pods Manifest.lock */ = {
			isa = PBXShellScriptBuildPhase;
			buildActionMask = 2147483647;
			files = (
			);
			inputPaths = (
			);
			name = "[CP] Check Pods Manifest.lock";
			outputPaths = (
			);
			runOnlyForDeploymentPostprocessing = 0;
			shellPath = /bin/sh;
			shellScript = "diff \"${PODS_ROOT}/../Podfile.lock\" \"${PODS_ROOT}/Manifest.lock\" > /dev/null\nif [ $? != 0 ] ; then\n    # print error to STDERR\n    echo \"error: The sandbox is not in sync with the Podfile.lock. Run 'pod install' or update your CocoaPods installation.\" >&2\n    exit 1\nfi\n";
			showEnvVarsInLog = 0;
		};
/* End PBXShellScriptBuildPhase section */

/* Begin PBXSourcesBuildPhase section */
		61220EE11E25AEA500AD37CA /* Sources */ = {
			isa = PBXSourcesBuildPhase;
			buildActionMask = 2147483647;
			files = (
				61F90B321E494AE200715A0B /* APIResponse.m in Sources */,
				61220F2B1E305BF800AD37CA /* ImageViewController.m in Sources */,
				61220EED1E25AEA500AD37CA /* AppDelegate.m in Sources */,
				61220F1A1E298D3200AD37CA /* ImageCell.m in Sources */,
				61220EEA1E25AEA500AD37CA /* main.m in Sources */,
				61220F281E2C531A00AD37CA /* Image.m in Sources */,
				61220F241E2C1EFF00AD37CA /* ImageCollectionViewController.m in Sources */,
			);
			runOnlyForDeploymentPostprocessing = 0;
		};
/* End PBXSourcesBuildPhase section */

/* Begin PBXVariantGroup section */
		61220EF11E25AEA500AD37CA /* Main.storyboard */ = {
			isa = PBXVariantGroup;
			children = (
				61220EF21E25AEA500AD37CA /* Base */,
			);
			name = Main.storyboard;
			sourceTree = "<group>";
		};
		61220EF61E25AEA500AD37CA /* LaunchScreen.storyboard */ = {
			isa = PBXVariantGroup;
			children = (
				61220EF71E25AEA500AD37CA /* Base */,
			);
			name = LaunchScreen.storyboard;
			sourceTree = "<group>";
		};
/* End PBXVariantGroup section */

/* Begin XCBuildConfiguration section */
		61220EFA1E25AEA500AD37CA /* Debug */ = {
			isa = XCBuildConfiguration;
			buildSettings = {
				ALWAYS_SEARCH_USER_PATHS = NO;
				CLANG_ANALYZER_NONNULL = YES;
				CLANG_CXX_LANGUAGE_STANDARD = "gnu++0x";
				CLANG_CXX_LIBRARY = "libc++";
				CLANG_ENABLE_MODULES = YES;
				CLANG_ENABLE_OBJC_ARC = YES;
				CLANG_WARN_BOOL_CONVERSION = YES;
				CLANG_WARN_CONSTANT_CONVERSION = YES;
				CLANG_WARN_DIRECT_OBJC_ISA_USAGE = YES_ERROR;
				CLANG_WARN_DOCUMENTATION_COMMENTS = YES;
				CLANG_WARN_EMPTY_BODY = YES;
				CLANG_WARN_ENUM_CONVERSION = YES;
				CLANG_WARN_INFINITE_RECURSION = YES;
				CLANG_WARN_INT_CONVERSION = YES;
				CLANG_WARN_OBJC_ROOT_CLASS = YES_ERROR;
				CLANG_WARN_SUSPICIOUS_MOVE = YES;
				CLANG_WARN_SUSPICIOUS_MOVES = YES;
				CLANG_WARN_UNREACHABLE_CODE = YES;
				CLANG_WARN__DUPLICATE_METHOD_MATCH = YES;
				"CODE_SIGN_IDENTITY[sdk=iphoneos*]" = "iPhone Developer";
				COPY_PHASE_STRIP = NO;
				DEBUG_INFORMATION_FORMAT = dwarf;
				ENABLE_STRICT_OBJC_MSGSEND = YES;
				ENABLE_TESTABILITY = YES;
				GCC_C_LANGUAGE_STANDARD = gnu99;
				GCC_DYNAMIC_NO_PIC = NO;
				GCC_NO_COMMON_BLOCKS = YES;
				GCC_OPTIMIZATION_LEVEL = 0;
				GCC_PREPROCESSOR_DEFINITIONS = (
					"DEBUG=1",
					"$(inherited)",
				);
				GCC_WARN_64_TO_32_BIT_CONVERSION = YES;
				GCC_WARN_ABOUT_RETURN_TYPE = YES_ERROR;
				GCC_WARN_UNDECLARED_SELECTOR = YES;
				GCC_WARN_UNINITIALIZED_AUTOS = YES_AGGRESSIVE;
				GCC_WARN_UNUSED_FUNCTION = YES;
				GCC_WARN_UNUSED_VARIABLE = YES;
				IPHONEOS_DEPLOYMENT_TARGET = 10.1;
				MTL_ENABLE_DEBUG_INFO = YES;
				ONLY_ACTIVE_ARCH = YES;
				SDKROOT = iphoneos;
				TARGETED_DEVICE_FAMILY = "1,2";
			};
			name = Debug;
		};
		61220EFB1E25AEA500AD37CA /* Release */ = {
			isa = XCBuildConfiguration;
			buildSettings = {
				ALWAYS_SEARCH_USER_PATHS = NO;
				CLANG_ANALYZER_NONNULL = YES;
				CLANG_CXX_LANGUAGE_STANDARD = "gnu++0x";
				CLANG_CXX_LIBRARY = "libc++";
				CLANG_ENABLE_MODULES = YES;
				CLANG_ENABLE_OBJC_ARC = YES;
				CLANG_WARN_BOOL_CONVERSION = YES;
				CLANG_WARN_CONSTANT_CONVERSION = YES;
				CLANG_WARN_DIRECT_OBJC_ISA_USAGE = YES_ERROR;
				CLANG_WARN_DOCUMENTATION_COMMENTS = YES;
				CLANG_WARN_EMPTY_BODY = YES;
				CLANG_WARN_ENUM_CONVERSION = YES;
				CLANG_WARN_INFINITE_RECURSION = YES;
				CLANG_WARN_INT_CONVERSION = YES;
				CLANG_WARN_OBJC_ROOT_CLASS = YES_ERROR;
				CLANG_WARN_SUSPICIOUS_MOVE = YES;
				CLANG_WARN_SUSPICIOUS_MOVES = YES;
				CLANG_WARN_UNREACHABLE_CODE = YES;
				CLANG_WARN__DUPLICATE_METHOD_MATCH = YES;
				"CODE_SIGN_IDENTITY[sdk=iphoneos*]" = "iPhone Developer";
				COPY_PHASE_STRIP = NO;
				DEBUG_INFORMATION_FORMAT = "dwarf-with-dsym";
				ENABLE_NS_ASSERTIONS = NO;
				ENABLE_STRICT_OBJC_MSGSEND = YES;
				GCC_C_LANGUAGE_STANDARD = gnu99;
				GCC_NO_COMMON_BLOCKS = YES;
				GCC_WARN_64_TO_32_BIT_CONVERSION = YES;
				GCC_WARN_ABOUT_RETURN_TYPE = YES_ERROR;
				GCC_WARN_UNDECLARED_SELECTOR = YES;
				GCC_WARN_UNINITIALIZED_AUTOS = YES_AGGRESSIVE;
				GCC_WARN_UNUSED_FUNCTION = YES;
				GCC_WARN_UNUSED_VARIABLE = YES;
				IPHONEOS_DEPLOYMENT_TARGET = 10.1;
				MTL_ENABLE_DEBUG_INFO = NO;
				SDKROOT = iphoneos;
				TARGETED_DEVICE_FAMILY = "1,2";
				VALIDATE_PRODUCT = YES;
			};
			name = Release;
		};
		61220EFD1E25AEA500AD37CA /* Debug */ = {
			isa = XCBuildConfiguration;
			baseConfigurationReference = 183B2DB282B0A8DF26CFEB86 /* Pods-PhotoZoom.debug.xcconfig */;
			buildSettings = {
				ASSETCATALOG_COMPILER_APPICON_NAME = AppIcon;
				DEVELOPMENT_TEAM = 4M3QJKH5SU;
				INFOPLIST_FILE = PhotoZoom/Info.plist;
				LD_RUNPATH_SEARCH_PATHS = "$(inherited) @executable_path/Frameworks";
				PRODUCT_BUNDLE_IDENTIFIER = com.kylietle.PhotoZoom;
				PRODUCT_NAME = "$(TARGET_NAME)";
				TARGETED_DEVICE_FAMILY = "1,2";
			};
			name = Debug;
		};
		61220EFE1E25AEA500AD37CA /* Release */ = {
			isa = XCBuildConfiguration;
			baseConfigurationReference = 9A5EAB54627245E3C6B4595C /* Pods-PhotoZoom.release.xcconfig */;
			buildSettings = {
				ASSETCATALOG_COMPILER_APPICON_NAME = AppIcon;
				DEVELOPMENT_TEAM = 4M3QJKH5SU;
				INFOPLIST_FILE = PhotoZoom/Info.plist;
				LD_RUNPATH_SEARCH_PATHS = "$(inherited) @executable_path/Frameworks";
				PRODUCT_BUNDLE_IDENTIFIER = com.kylietle.PhotoZoom;
				PRODUCT_NAME = "$(TARGET_NAME)";
				TARGETED_DEVICE_FAMILY = "1,2";
			};
			name = Release;
		};
/* End XCBuildConfiguration section */

/* Begin XCConfigurationList section */
		61220EE01E25AEA500AD37CA /* Build configuration list for PBXProject "PhotoZoom" */ = {
			isa = XCConfigurationList;
			buildConfigurations = (
				61220EFA1E25AEA500AD37CA /* Debug */,
				61220EFB1E25AEA500AD37CA /* Release */,
			);
			defaultConfigurationIsVisible = 0;
			defaultConfigurationName = Release;
		};
		61220EFC1E25AEA500AD37CA /* Build configuration list for PBXNativeTarget "PhotoZoom" */ = {
			isa = XCConfigurationList;
			buildConfigurations = (
				61220EFD1E25AEA500AD37CA /* Debug */,
				61220EFE1E25AEA500AD37CA /* Release */,
			);
			defaultConfigurationIsVisible = 0;
			defaultConfigurationName = Release;
		};
/* End XCConfigurationList section */
	};
	rootObject = 61220EDD1E25AEA500AD37CA /* Project object */;
}
